
Microsoft Visual Studio Solution File, Format Version 12.00
# Visual Studio 2012
Project("{FAE04EC0-301F-11D3-BF4B-00C04F79EFBC}") = "UriBuilderExtension", "UriExtension\UriBuilderExtension.csproj", "{BCD7FFAA-BF31-4CFF-9817-1F5DBB837A8D}"
EndProject
Project("{FAE04EC0-301F-11D3-BF4B-00C04F79EFBC}") = "UriBuilderExtension.Test", "UriExtension.Test\UriBuilderExtension.Test.csproj", "{7F4BE1DF-F106-4DD5-959A-2B030505E199}"
EndProject
Global
	GlobalSection(SolutionConfigurationPlatforms) = preSolution
		Debug|Any CPU = Debug|Any CPU
		Release|Any CPU = Release|Any CPU
	EndGlobalSection
	GlobalSection(ProjectConfigurationPlatforms) = postSolution
		{BCD7FFAA-BF31-4CFF-9817-1F5DBB837A8D}.Debug|Any CPU.ActiveCfg = Debug|Any CPU
		{BCD7FFAA-BF31-4CFF-9817-1F5DBB837A8D}.Debug|Any CPU.Build.0 = Debug|Any CPU
		{BCD7FFAA-BF31-4CFF-9817-1F5DBB837A8D}.Release|Any CPU.ActiveCfg = Release|Any CPU
		{BCD7FFAA-BF31-4CFF-9817-1F5DBB837A8D}.Release|Any CPU.Build.0 = Release|Any CPU
		{7F4BE1DF-F106-4DD5-959A-2B030505E199}.Debug|Any CPU.ActiveCfg = Debug|Any CPU
		{7F4BE1DF-F106-4DD5-959A-2B030505E199}.Debug|Any CPU.Build.0 = Debug|Any CPU
		{7F4BE1DF-F106-4DD5-959A-2B030505E199}.Release|Any CPU.ActiveCfg = Release|Any CPU
		{7F4BE1DF-F106-4DD5-959A-2B030505E199}.Release|Any CPU.Build.0 = Release|Any CPU
	EndGlobalSection
	GlobalSection(MonoDevelopProperties) = preSolution
		version = 1.0.0
	EndGlobalSection
EndGlobal
